
Microsoft Visual Studio Solution File, Format Version 12.00
# Visual Studio Version 16
VisualStudioVersion = 16.0.29920.165
MinimumVisualStudioVersion = 10.0.40219.1
Project("{FAE04EC0-301F-11D3-BF4B-00C04F79EFBC}") = "Bcxb_Xf_Tab.Android", "BcxbXf\BcxbXf.Android\Bcxb_Xf_Tab.Android.csproj", "{07A50B4E-7535-4DB6-9227-578839208372}"
EndProject
Project("{FAE04EC0-301F-11D3-BF4B-00C04F79EFBC}") = "Bcxb_Xf_Tab.iOS", "BcxbXf\BcxbXf.iOS\Bcxb_Xf_Tab.iOS.csproj", "{D087F8FB-63F7-400E-BF6B-82A73AB224AA}"
EndProject
Project("{9A19103F-16F7-4668-BE54-9A1E7A4F7556}") = "Bcxb_Xf_Tab", "BcxbXf\BcxbXf\Bcxb_Xf_Tab.csproj", "{8C3B7543-7A77-4896-B87B-167FDF27BBF7}"
EndProject
Project("{2150E333-8FDC-42A3-9474-1A3956D46DE8}") = "Solution Items", "Solution Items", "{81E8BB36-201A-4CBB-83A2-B89AD8F2B8B6}"
	ProjectSection(SolutionItems) = preProject
		@Status.txt = @Status.txt
		..\README.md = ..\README.md
	EndProjectSection
EndProject
Global
	GlobalSection(SolutionConfigurationPlatforms) = preSolution
		Ad-Hoc|Any CPU = Ad-Hoc|Any CPU
		Ad-Hoc|iPhone = Ad-Hoc|iPhone
		Ad-Hoc|iPhoneSimulator = Ad-Hoc|iPhoneSimulator
		AppStore|Any CPU = AppStore|Any CPU
		AppStore|iPhone = AppStore|iPhone
		AppStore|iPhoneSimulator = AppStore|iPhoneSimulator
		Debug|Any CPU = Debug|Any CPU
		Debug|iPhone = Debug|iPhone
		Debug|iPhoneSimulator = Debug|iPhoneSimulator
		Release|Any CPU = Release|Any CPU
		Release|iPhone = Release|iPhone
		Release|iPhoneSimulator = Release|iPhoneSimulator
	EndGlobalSection
	GlobalSection(ProjectConfigurationPlatforms) = postSolution
		{07A50B4E-7535-4DB6-9227-578839208372}.Ad-Hoc|Any CPU.ActiveCfg = Release|Any CPU
		{07A50B4E-7535-4DB6-9227-578839208372}.Ad-Hoc|Any CPU.Build.0 = Release|Any CPU
		{07A50B4E-7535-4DB6-9227-578839208372}.Ad-Hoc|Any CPU.Deploy.0 = Release|Any CPU
		{07A50B4E-7535-4DB6-9227-578839208372}.Ad-Hoc|iPhone.ActiveCfg = Release|Any CPU
		{07A50B4E-7535-4DB6-9227-578839208372}.Ad-Hoc|iPhone.Build.0 = Release|Any CPU
		{07A50B4E-7535-4DB6-9227-578839208372}.Ad-Hoc|iPhone.Deploy.0 = Release|Any CPU
		{07A50B4E-7535-4DB6-9227-578839208372}.Ad-Hoc|iPhoneSimulator.ActiveCfg = Release|Any CPU
		{07A50B4E-7535-4DB6-9227-578839208372}.Ad-Hoc|iPhoneSimulator.Build.0 = Release|Any CPU
		{07A50B4E-7535-4DB6-9227-578839208372}.Ad-Hoc|iPhoneSimulator.Deploy.0 = Release|Any CPU
		{07A50B4E-7535-4DB6-9227-578839208372}.AppStore|Any CPU.ActiveCfg = Release|Any CPU
		{07A50B4E-7535-4DB6-9227-578839208372}.AppStore|Any CPU.Build.0 = Release|Any CPU
		{07A50B4E-7535-4DB6-9227-578839208372}.AppStore|Any CPU.Deploy.0 = Release|Any CPU
		{07A50B4E-7535-4DB6-9227-578839208372}.AppStore|iPhone.ActiveCfg = Release|Any CPU
		{07A50B4E-7535-4DB6-9227-578839208372}.AppStore|iPhone.Build.0 = Release|Any CPU
		{07A50B4E-7535-4DB6-9227-578839208372}.AppStore|iPhone.Deploy.0 = Release|Any CPU
		{07A50B4E-7535-4DB6-9227-578839208372}.AppStore|iPhoneSimulator.ActiveCfg = Release|Any CPU
		{07A50B4E-7535-4DB6-9227-578839208372}.AppStore|iPhoneSimulator.Build.0 = Release|Any CPU
		{07A50B4E-7535-4DB6-9227-578839208372}.AppStore|iPhoneSimulator.Deploy.0 = Release|Any CPU
		{07A50B4E-7535-4DB6-9227-578839208372}.Debug|Any CPU.ActiveCfg = Debug|Any CPU
		{07A50B4E-7535-4DB6-9227-578839208372}.Debug|Any CPU.Build.0 = Debug|Any CPU
		{07A50B4E-7535-4DB6-9227-578839208372}.Debug|Any CPU.Deploy.0 = Debug|Any CPU
		{07A50B4E-7535-4DB6-9227-578839208372}.Debug|iPhone.ActiveCfg = Debug|Any CPU
		{07A50B4E-7535-4DB6-9227-578839208372}.Debug|iPhone.Build.0 = Debug|Any CPU
		{07A50B4E-7535-4DB6-9227-578839208372}.Debug|iPhone.Deploy.0 = Debug|Any CPU
		{07A50B4E-7535-4DB6-9227-578839208372}.Debug|iPhoneSimulator.ActiveCfg = Debug|Any CPU
		{07A50B4E-7535-4DB6-9227-578839208372}.Debug|iPhoneSimulator.Build.0 = Debug|Any CPU
		{07A50B4E-7535-4DB6-9227-578839208372}.Debug|iPhoneSimulator.Deploy.0 = Debug|Any CPU
		{07A50B4E-7535-4DB6-9227-578839208372}.Release|Any CPU.ActiveCfg = Release|Any CPU
		{07A50B4E-7535-4DB6-9227-578839208372}.Release|Any CPU.Build.0 = Release|Any CPU
		{07A50B4E-7535-4DB6-9227-578839208372}.Release|Any CPU.Deploy.0 = Release|Any CPU
		{07A50B4E-7535-4DB6-9227-578839208372}.Release|iPhone.ActiveCfg = Release|Any CPU
		{07A50B4E-7535-4DB6-9227-578839208372}.Release|iPhone.Build.0 = Release|Any CPU
		{07A50B4E-7535-4DB6-9227-578839208372}.Release|iPhone.Deploy.0 = Release|Any CPU
		{07A50B4E-7535-4DB6-9227-578839208372}.Release|iPhoneSimulator.ActiveCfg = Release|Any CPU
		{07A50B4E-7535-4DB6-9227-578839208372}.Release|iPhoneSimulator.Build.0 = Release|Any CPU
		{07A50B4E-7535-4DB6-9227-578839208372}.Release|iPhoneSimulator.Deploy.0 = Release|Any CPU
		{D087F8FB-63F7-400E-BF6B-82A73AB224AA}.Ad-Hoc|Any CPU.ActiveCfg = Ad-Hoc|iPhone
		{D087F8FB-63F7-400E-BF6B-82A73AB224AA}.Ad-Hoc|Any CPU.Build.0 = Ad-Hoc|iPhone
		{D087F8FB-63F7-400E-BF6B-82A73AB224AA}.Ad-Hoc|Any CPU.Deploy.0 = Ad-Hoc|iPhone
		{D087F8FB-63F7-400E-BF6B-82A73AB224AA}.Ad-Hoc|iPhone.ActiveCfg = Ad-Hoc|iPhone
		{D087F8FB-63F7-400E-BF6B-82A73AB224AA}.Ad-Hoc|iPhone.Build.0 = Ad-Hoc|iPhone
		{D087F8FB-63F7-400E-BF6B-82A73AB224AA}.Ad-Hoc|iPhone.Deploy.0 = Ad-Hoc|iPhone
		{D087F8FB-63F7-400E-BF6B-82A73AB224AA}.Ad-Hoc|iPhoneSimulator.ActiveCfg = Ad-Hoc|iPhoneSimulator
		{D087F8FB-63F7-400E-BF6B-82A73AB224AA}.Ad-Hoc|iPhoneSimulator.Build.0 = Ad-Hoc|iPhoneSimulator
		{D087F8FB-63F7-400E-BF6B-82A73AB224AA}.Ad-Hoc|iPhoneSimulator.Deploy.0 = Ad-Hoc|iPhoneSimulator
		{D087F8FB-63F7-400E-BF6B-82A73AB224AA}.AppStore|Any CPU.ActiveCfg = AppStore|iPhone
		{D087F8FB-63F7-400E-BF6B-82A73AB224AA}.AppStore|Any CPU.Build.0 = AppStore|iPhone
		{D087F8FB-63F7-400E-BF6B-82A73AB224AA}.AppStore|Any CPU.Deploy.0 = AppStore|iPhone
		{D087F8FB-63F7-400E-BF6B-82A73AB224AA}.AppStore|iPhone.ActiveCfg = AppStore|iPhone
		{D087F8FB-63F7-400E-BF6B-82A73AB224AA}.AppStore|iPhone.Build.0 = AppStore|iPhone
		{D087F8FB-63F7-400E-BF6B-82A73AB224AA}.AppStore|iPhone.Deploy.0 = AppStore|iPhone
		{D087F8FB-63F7-400E-BF6B-82A73AB224AA}.AppStore|iPhoneSimulator.ActiveCfg = AppStore|iPhoneSimulator
		{D087F8FB-63F7-400E-BF6B-82A73AB224AA}.AppStore|iPhoneSimulator.Build.0 = AppStore|iPhoneSimulator
		{D087F8FB-63F7-400E-BF6B-82A73AB224AA}.AppStore|iPhoneSimulator.Deploy.0 = AppStore|iPhoneSimulator
		{D087F8FB-63F7-400E-BF6B-82A73AB224AA}.Debug|Any CPU.ActiveCfg = Debug|iPhoneSimulator
		{D087F8FB-63F7-400E-BF6B-82A73AB224AA}.Debug|Any CPU.Build.0 = Debug|iPhoneSimulator
		{D087F8FB-63F7-400E-BF6B-82A73AB224AA}.Debug|Any CPU.Deploy.0 = Debug|iPhoneSimulator
		{D087F8FB-63F7-400E-BF6B-82A73AB224AA}.Debug|iPhone.ActiveCfg = Debug|iPhone
		{D087F8FB-63F7-400E-BF6B-82A73AB224AA}.Debug|iPhone.Build.0 = Debug|iPhone
		{D087F8FB-63F7-400E-BF6B-82A73AB224AA}.Debug|iPhone.Deploy.0 = Debug|iPhone
		{D087F8FB-63F7-400E-BF6B-82A73AB224AA}.Debug|iPhoneSimulator.ActiveCfg = Debug|iPhoneSimulator
		{D087F8FB-63F7-400E-BF6B-82A73AB224AA}.Debug|iPhoneSimulator.Build.0 = Debug|iPhoneSimulator
		{D087F8FB-63F7-400E-BF6B-82A73AB224AA}.Debug|iPhoneSimulator.Deploy.0 = Debug|iPhoneSimulator
		{D087F8FB-63F7-400E-BF6B-82A73AB224AA}.Release|Any CPU.ActiveCfg = Release|iPhone
		{D087F8FB-63F7-400E-BF6B-82A73AB224AA}.Release|Any CPU.Build.0 = Release|iPhone
		{D087F8FB-63F7-400E-BF6B-82A73AB224AA}.Release|Any CPU.Deploy.0 = Release|iPhone
		{D087F8FB-63F7-400E-BF6B-82A73AB224AA}.Release|iPhone.ActiveCfg = Release|iPhone
		{D087F8FB-63F7-400E-BF6B-82A73AB224AA}.Release|iPhone.Build.0 = Release|iPhone
		{D087F8FB-63F7-400E-BF6B-82A73AB224AA}.Release|iPhone.Deploy.0 = Release|iPhone
		{D087F8FB-63F7-400E-BF6B-82A73AB224AA}.Release|iPhoneSimulator.ActiveCfg = Release|iPhoneSimulator
		{D087F8FB-63F7-400E-BF6B-82A73AB224AA}.Release|iPhoneSimulator.Build.0 = Release|iPhoneSimulator
		{D087F8FB-63F7-400E-BF6B-82A73AB224AA}.Release|iPhoneSimulator.Deploy.0 = Release|iPhoneSimulator
		{8C3B7543-7A77-4896-B87B-167FDF27BBF7}.Ad-Hoc|Any CPU.ActiveCfg = Debug|Any CPU
		{8C3B7543-7A77-4896-B87B-167FDF27BBF7}.Ad-Hoc|Any CPU.Build.0 = Debug|Any CPU
		{8C3B7543-7A77-4896-B87B-167FDF27BBF7}.Ad-Hoc|Any CPU.Deploy.0 = Debug|Any CPU
		{8C3B7543-7A77-4896-B87B-167FDF27BBF7}.Ad-Hoc|iPhone.ActiveCfg = Debug|Any CPU
		{8C3B7543-7A77-4896-B87B-167FDF27BBF7}.Ad-Hoc|iPhone.Build.0 = Debug|Any CPU
		{8C3B7543-7A77-4896-B87B-167FDF27BBF7}.Ad-Hoc|iPhone.Deploy.0 = Debug|Any CPU
		{8C3B7543-7A77-4896-B87B-167FDF27BBF7}.Ad-Hoc|iPhoneSimulator.ActiveCfg = Debug|Any CPU
		{8C3B7543-7A77-4896-B87B-167FDF27BBF7}.Ad-Hoc|iPhoneSimulator.Build.0 = Debug|Any CPU
		{8C3B7543-7A77-4896-B87B-167FDF27BBF7}.Ad-Hoc|iPhoneSimulator.Deploy.0 = Debug|Any CPU
		{8C3B7543-7A77-4896-B87B-167FDF27BBF7}.AppStore|Any CPU.ActiveCfg = Debug|Any CPU
		{8C3B7543-7A77-4896-B87B-167FDF27BBF7}.AppStore|Any CPU.Build.0 = Debug|Any CPU
		{8C3B7543-7A77-4896-B87B-167FDF27BBF7}.AppStore|Any CPU.Deploy.0 = Debug|Any CPU
		{8C3B7543-7A77-4896-B87B-167FDF27BBF7}.AppStore|iPhone.ActiveCfg = Debug|Any CPU
		{8C3B7543-7A77-4896-B87B-167FDF27BBF7}.AppStore|iPhone.Build.0 = Debug|Any CPU
		{8C3B7543-7A77-4896-B87B-167FDF27BBF7}.AppStore|iPhone.Deploy.0 = Debug|Any CPU
		{8C3B7543-7A77-4896-B87B-167FDF27BBF7}.AppStore|iPhoneSimulator.ActiveCfg = Debug|Any CPU
		{8C3B7543-7A77-4896-B87B-167FDF27BBF7}.AppStore|iPhoneSimulator.Build.0 = Debug|Any CPU
		{8C3B7543-7A77-4896-B87B-167FDF27BBF7}.AppStore|iPhoneSimulator.Deploy.0 = Debug|Any CPU
		{8C3B7543-7A77-4896-B87B-167FDF27BBF7}.Debug|Any CPU.ActiveCfg = Debug|Any CPU
		{8C3B7543-7A77-4896-B87B-167FDF27BBF7}.Debug|Any CPU.Build.0 = Debug|Any CPU
		{8C3B7543-7A77-4896-B87B-167FDF27BBF7}.Debug|Any CPU.Deploy.0 = Debug|Any CPU
		{8C3B7543-7A77-4896-B87B-167FDF27BBF7}.Debug|iPhone.ActiveCfg = Debug|Any CPU
		{8C3B7543-7A77-4896-B87B-167FDF27BBF7}.Debug|iPhone.Build.0 = Debug|Any CPU
		{8C3B7543-7A77-4896-B87B-167FDF27BBF7}.Debug|iPhone.Deploy.0 = Debug|Any CPU
		{8C3B7543-7A77-4896-B87B-167FDF27BBF7}.Debug|iPhoneSimulator.ActiveCfg = Debug|Any CPU
		{8C3B7543-7A77-4896-B87B-167FDF27BBF7}.Debug|iPhoneSimulator.Build.0 = Debug|Any CPU
		{8C3B7543-7A77-4896-B87B-167FDF27BBF7}.Debug|iPhoneSimulator.Deploy.0 = Debug|Any CPU
		{8C3B7543-7A77-4896-B87B-167FDF27BBF7}.Release|Any CPU.ActiveCfg = Release|Any CPU
		{8C3B7543-7A77-4896-B87B-167FDF27BBF7}.Release|Any CPU.Build.0 = Release|Any CPU
		{8C3B7543-7A77-4896-B87B-167FDF27BBF7}.Release|Any CPU.Deploy.0 = Release|Any CPU
		{8C3B7543-7A77-4896-B87B-167FDF27BBF7}.Release|iPhone.ActiveCfg = Release|Any CPU
		{8C3B7543-7A77-4896-B87B-167FDF27BBF7}.Release|iPhone.Build.0 = Release|Any CPU
		{8C3B7543-7A77-4896-B87B-167FDF27BBF7}.Release|iPhone.Deploy.0 = Release|Any CPU
		{8C3B7543-7A77-4896-B87B-167FDF27BBF7}.Release|iPhoneSimulator.ActiveCfg = Release|Any CPU
		{8C3B7543-7A77-4896-B87B-167FDF27BBF7}.Release|iPhoneSimulator.Build.0 = Release|Any CPU
		{8C3B7543-7A77-4896-B87B-167FDF27BBF7}.Release|iPhoneSimulator.Deploy.0 = Release|Any CPU
	EndGlobalSection
	GlobalSection(SolutionProperties) = preSolution
		HideSolutionNode = FALSE
	EndGlobalSection
	GlobalSection(ExtensibilityGlobals) = postSolution
		SolutionGuid = {A3F3A687-0A7E-411E-AA83-3668DF9554FC}
	EndGlobalSection
EndGlobal
